<Solution>
  <Folder Name="/.solution/">
    <File Path=".editorconfig" />
    <File Path="Directory.Build.props" />
    <File Path="Directory.Build.targets" />
    <File Path="Directory.Packages.props" />
  </Folder>
  <Folder Name="/examples/">
    <File Path="examples/.globalconfig" />
    <File Path="examples/Directory.Build.props" />
    <Project Path="examples/FlashOWare.CommandLine.Example.CSharp/FlashOWare.CommandLine.Example.CSharp.csproj" />
    <Project Path="examples/FlashOWare.CommandLine.Example.FSharp/FlashOWare.CommandLine.Example.FSharp.fsproj" />
    <Project Path="examples/FlashOWare.CommandLine.Example.VisualBasic/FlashOWare.CommandLine.Example.VisualBasic.vbproj" />
  </Folder>
  <Folder Name="/lib/">
    <File Path="lib/.globalconfig" />
    <File Path="lib/Directory.Build.props" />
    <Project Path="lib/FlashOWare.CommandLine.CliSchema/FlashOWare.CommandLine.CliSchema.csproj" />
    <Project Path="lib/FlashOWare.CommandLine.OpenCli/FlashOWare.CommandLine.OpenCli.csproj" />
  </Folder>
  <Folder Name="/perf/">
    <File Path="perf/.globalconfig" />
    <File Path="perf/Directory.Build.props" />
    <Project Path="perf/FlashOWare.CommandLine.CliSchema.Benchmarks/FlashOWare.CommandLine.CliSchema.Benchmarks.csproj" />
    <Project Path="perf/FlashOWare.CommandLine.OpenCli.Benchmarks/FlashOWare.CommandLine.OpenCli.Benchmarks.csproj" />
  </Folder>
  <Folder Name="/tests/">
    <File Path="tests/.globalconfig" />
    <File Path="tests/Directory.Build.props" />
    <Project Path="tests/FlashOWare.CommandLine.CliSchema.Tests/FlashOWare.CommandLine.CliSchema.Tests.csproj" />
    <Project Path="tests/FlashOWare.CommandLine.OpenCli.Tests/FlashOWare.CommandLine.OpenCli.Tests.csproj" />
  </Folder>
</Solution>
